// !$*UTF8*$!
{
	archiveVersion = 1;
	classes = {
	};
	objectVersion = 46;
	objects = {

/* Begin PBXBuildFile section */
		A5FAD3361D109C4000D4EBF1 /* AppDelegate.swift in Sources */ = {isa = PBXBuildFile; fileRef = A5FAD3351D109C4000D4EBF1 /* AppDelegate.swift */; };
		A5FAD3381D109C4000D4EBF1 /* ViewController.swift in Sources */ = {isa = PBXBuildFile; fileRef = A5FAD3371D109C4000D4EBF1 /* ViewController.swift */; };
		A5FAD33D1D109C4000D4EBF1 /* Assets.xcassets in Resources */ = {isa = PBXBuildFile; fileRef = A5FAD33C1D109C4000D4EBF1 /* Assets.xcassets */; };
		A5FAD3401D109C4000D4EBF1 /* LaunchScreen.storyboard in Resources */ = {isa = PBXBuildFile; fileRef = A5FAD33E1D109C4000D4EBF1 /* LaunchScreen.storyboard */; };
		A5FAD34B1D109C4000D4EBF1 /* tippyTests.swift in Sources */ = {isa = PBXBuildFile; fileRef = A5FAD34A1D109C4000D4EBF1 /* tippyTests.swift */; };
		A5FAD3561D109C4000D4EBF1 /* tippyUITests.swift in Sources */ = {isa = PBXBuildFile; fileRef = A5FAD3551D109C4000D4EBF1 /* tippyUITests.swift */; };
		A5FAD3641D10B39C00D4EBF1 /* SettingsViewController.swift in Sources */ = {isa = PBXBuildFile; fileRef = A5FAD3631D10B39C00D4EBF1 /* SettingsViewController.swift */; };
		A5FAD3671D10BC3400D4EBF1 /* Main.storyboard in Resources */ = {isa = PBXBuildFile; fileRef = A5FAD3651D10BC3400D4EBF1 /* Main.storyboard */; };
/* End PBXBuildFile section */

/* Begin PBXContainerItemProxy section */
		A5FAD3471D109C4000D4EBF1 /* PBXContainerItemProxy */ = {
			isa = PBXContainerItemProxy;
			containerPortal = A5FAD32A1D109C3F00D4EBF1 /* Project object */;
			proxyType = 1;
			remoteGlobalIDString = A5FAD3311D109C3F00D4EBF1;
			remoteInfo = tippy;
		};
		A5FAD3521D109C4000D4EBF1 /* PBXContainerItemProxy */ = {
			isa = PBXContainerItemProxy;
			containerPortal = A5FAD32A1D109C3F00D4EBF1 /* Project object */;
			proxyType = 1;
			remoteGlobalIDString = A5FAD3311D109C3F00D4EBF1;
			remoteInfo = tippy;
		};
/* End PBXContainerItemProxy section */

/* Begin PBXFileReference section */
		A5FAD3321D109C4000D4EBF1 /* tippy.app */ = {isa = PBXFileReference; explicitFileType = wrapper.application; includeInIndex = 0; path = tippy.app; sourceTree = BUILT_PRODUCTS_DIR; };
		A5FAD3351D109C4000D4EBF1 /* AppDelegate.swift */ = {isa = PBXFileReference; lastKnownFileType = sourcecode.swift; path = AppDelegate.swift; sourceTree = "<group>"; };
		A5FAD3371D109C4000D4EBF1 /* ViewController.swift */ = {isa = PBXFileReference; lastKnownFileType = sourcecode.swift; path = ViewController.swift; sourceTree = "<group>"; };
		A5FAD33C1D109C4000D4EBF1 /* Assets.xcassets */ = {isa = PBXFileReference; lastKnownFileType = folder.assetcatalog; path = Assets.xcassets; sourceTree = "<group>"; };
		A5FAD33F1D109C4000D4EBF1 /* Base */ = {isa = PBXFileReference; lastKnownFileType = file.storyboard; name = Base; path = Base.lproj/LaunchScreen.storyboard; sourceTree = "<group>"; };
		A5FAD3411D109C4000D4EBF1 /* Info.plist */ = {isa = PBXFileReference; lastKnownFileType = text.plist.xml; path = Info.plist; sourceTree = "<group>"; };
		A5FAD3461D109C4000D4EBF1 /* tippyTests.xctest */ = {isa = PBXFileReference; explicitFileType = wrapper.cfbundle; includeInIndex = 0; path = tippyTests.xctest; sourceTree = BUILT_PRODUCTS_DIR; };
		A5FAD34A1D109C4000D4EBF1 /* tippyTests.swift */ = {isa = PBXFileReference; lastKnownFileType = sourcecode.swift; path = tippyTests.swift; sourceTree = "<group>"; };
		A5FAD34C1D109C4000D4EBF1 /* Info.plist */ = {isa = PBXFileReference; lastKnownFileType = text.plist.xml; path = Info.plist; sourceTree = "<group>"; };
		A5FAD3511D109C4000D4EBF1 /* tippyUITests.xctest */ = {isa = PBXFileReference; explicitFileType = wrapper.cfbundle; includeInIndex = 0; path = tippyUITests.xctest; sourceTree = BUILT_PRODUCTS_DIR; };
		A5FAD3551D109C4000D4EBF1 /* tippyUITests.swift */ = {isa = PBXFileReference; lastKnownFileType = sourcecode.swift; path = tippyUITests.swift; sourceTree = "<group>"; };
		A5FAD3571D109C4000D4EBF1 /* Info.plist */ = {isa = PBXFileReference; lastKnownFileType = text.plist.xml; path = Info.plist; sourceTree = "<group>"; };
		A5FAD3631D10B39C00D4EBF1 /* SettingsViewController.swift */ = {isa = PBXFileReference; fileEncoding = 4; lastKnownFileType = sourcecode.swift; path = SettingsViewController.swift; sourceTree = "<group>"; };
		A5FAD3661D10BC3400D4EBF1 /* Base */ = {isa = PBXFileReference; lastKnownFileType = file.storyboard; name = Base; path = Base.lproj/Main.storyboard; sourceTree = "<group>"; };
/* End PBXFileReference section */

/* Begin PBXFrameworksBuildPhase section */
		A5FAD32F1D109C3F00D4EBF1 /* Frameworks */ = {
			isa = PBXFrameworksBuildPhase;
			buildActionMask = 2147483647;
			files = (
			);
			runOnlyForDeploymentPostprocessing = 0;
		};
		A5FAD3431D109C4000D4EBF1 /* Frameworks */ = {
			isa = PBXFrameworksBuildPhase;
			buildActionMask = 2147483647;
			files = (
			);
			runOnlyForDeploymentPostprocessing = 0;
		};
		A5FAD34E1D109C4000D4EBF1 /* Frameworks */ = {
			isa = PBXFrameworksBuildPhase;
			buildActionMask = 2147483647;
			files = (
			);
			runOnlyForDeploymentPostprocessing = 0;
		};
/* End PBXFrameworksBuildPhase section */

/* Begin PBXGroup section */
		A5FAD3291D109C3F00D4EBF1 = {
			isa = PBXGroup;
			children = (
				A5FAD3341D109C4000D4EBF1 /* tippy */,
				A5FAD3491D109C4000D4EBF1 /* tippyTests */,
				A5FAD3541D109C4000D4EBF1 /* tippyUITests */,
				A5FAD3331D109C4000D4EBF1 /* Products */,
			);
			sourceTree = "<group>";
		};
		A5FAD3331D109C4000D4EBF1 /* Products */ = {
			isa = PBXGroup;
			children = (
				A5FAD3321D109C4000D4EBF1 /* tippy.app */,
				A5FAD3461D109C4000D4EBF1 /* tippyTests.xctest */,
				A5FAD3511D109C4000D4EBF1 /* tippyUITests.xctest */,
			);
			name = Products;
			sourceTree = "<group>";
		};
		A5FAD3341D109C4000D4EBF1 /* tippy */ = {
			isa = PBXGroup;
			children = (
				A5FAD3351D109C4000D4EBF1 /* AppDelegate.swift */,
				A5FAD3371D109C4000D4EBF1 /* ViewController.swift */,
				A5FAD3631D10B39C00D4EBF1 /* SettingsViewController.swift */,
				A5FAD3651D10BC3400D4EBF1 /* Main.storyboard */,
				A5FAD33C1D109C4000D4EBF1 /* Assets.xcassets */,
				A5FAD33E1D109C4000D4EBF1 /* LaunchScreen.storyboard */,
				A5FAD3411D109C4000D4EBF1 /* Info.plist */,
			);
			path = tippy;
			sourceTree = "<group>";
		};
		A5FAD3491D109C4000D4EBF1 /* tippyTests */ = {
			isa = PBXGroup;
			children = (
				A5FAD34A1D109C4000D4EBF1 /* tippyTests.swift */,
				A5FAD34C1D109C4000D4EBF1 /* Info.plist */,
			);
			path = tippyTests;
			sourceTree = "<group>";
		};
		A5FAD3541D109C4000D4EBF1 /* tippyUITests */ = {
			isa = PBXGroup;
			children = (
				A5FAD3551D109C4000D4EBF1 /* tippyUITests.swift */,
				A5FAD3571D109C4000D4EBF1 /* Info.plist */,
			);
			path = tippyUITests;
			sourceTree = "<group>";
		};
/* End PBXGroup section */

/* Begin PBXNativeTarget section */
		A5FAD3311D109C3F00D4EBF1 /* tippy */ = {
			isa = PBXNativeTarget;
			buildConfigurationList = A5FAD35A1D109C4000D4EBF1 /* Build configuration list for PBXNativeTarget "tippy" */;
			buildPhases = (
				A5FAD32E1D109C3F00D4EBF1 /* Sources */,
				A5FAD32F1D109C3F00D4EBF1 /* Frameworks */,
				A5FAD3301D109C3F00D4EBF1 /* Resources */,
			);
			buildRules = (
			);
			dependencies = (
			);
			name = tippy;
			productName = tippy;
			productReference = A5FAD3321D109C4000D4EBF1 /* tippy.app */;
			productType = "com.apple.product-type.application";
		};
		A5FAD3451D109C4000D4EBF1 /* tippyTests */ = {
			isa = PBXNativeTarget;
			buildConfigurationList = A5FAD35D1D109C4000D4EBF1 /* Build configuration list for PBXNativeTarget "tippyTests" */;
			buildPhases = (
				A5FAD3421D109C4000D4EBF1 /* Sources */,
				A5FAD3431D109C4000D4EBF1 /* Frameworks */,
				A5FAD3441D109C4000D4EBF1 /* Resources */,
			);
			buildRules = (
			);
			dependencies = (
				A5FAD3481D109C4000D4EBF1 /* PBXTargetDependency */,
			);
			name = tippyTests;
			productName = tippyTests;
			productReference = A5FAD3461D109C4000D4EBF1 /* tippyTests.xctest */;
			productType = "com.apple.product-type.bundle.unit-test";
		};
		A5FAD3501D109C4000D4EBF1 /* tippyUITests */ = {
			isa = PBXNativeTarget;
			buildConfigurationList = A5FAD3601D109C4000D4EBF1 /* Build configuration list for PBXNativeTarget "tippyUITests" */;
			buildPhases = (
				A5FAD34D1D109C4000D4EBF1 /* Sources */,
				A5FAD34E1D109C4000D4EBF1 /* Frameworks */,
				A5FAD34F1D109C4000D4EBF1 /* Resources */,
			);
			buildRules = (
			);
			dependencies = (
				A5FAD3531D109C4000D4EBF1 /* PBXTargetDependency */,
			);
			name = tippyUITests;
			productName = tippyUITests;
			productReference = A5FAD3511D109C4000D4EBF1 /* tippyUITests.xctest */;
			productType = "com.apple.product-type.bundle.ui-testing";
		};
/* End PBXNativeTarget section */

/* Begin PBXProject section */
		A5FAD32A1D109C3F00D4EBF1 /* Project object */ = {
			isa = PBXProject;
			attributes = {
				LastSwiftUpdateCheck = 0730;
				LastUpgradeCheck = 0730;
				ORGANIZATIONNAME = "Abha Vedula";
				TargetAttributes = {
					A5FAD3311D109C3F00D4EBF1 = {
						CreatedOnToolsVersion = 7.3.1;
					};
					A5FAD3451D109C4000D4EBF1 = {
						CreatedOnToolsVersion = 7.3.1;
						TestTargetID = A5FAD3311D109C3F00D4EBF1;
					};
					A5FAD3501D109C4000D4EBF1 = {
						CreatedOnToolsVersion = 7.3.1;
						TestTargetID = A5FAD3311D109C3F00D4EBF1;
					};
				};
			};
			buildConfigurationList = A5FAD32D1D109C3F00D4EBF1 /* Build configuration list for PBXProject "tippy" */;
			compatibilityVersion = "Xcode 3.2";
			developmentRegion = English;
			hasScannedForEncodings = 0;
			knownRegions = (
				en,
				Base,
			);
			mainGroup = A5FAD3291D109C3F00D4EBF1;
			productRefGroup = A5FAD3331D109C4000D4EBF1 /* Products */;
			projectDirPath = "";
			projectRoot = "";
			targets = (
				A5FAD3311D109C3F00D4EBF1 /* tippy */,
				A5FAD3451D109C4000D4EBF1 /* tippyTests */,
				A5FAD3501D109C4000D4EBF1 /* tippyUITests */,
			);
		};
/* End PBXProject section */

/* Begin PBXResourcesBuildPhase section */
		A5FAD3301D109C3F00D4EBF1 /* Resources */ = {
			isa = PBXResourcesBuildPhase;
			buildActionMask = 2147483647;
			files = (
				A5FAD3671D10BC3400D4EBF1 /* Main.storyboard in Resources */,
				A5FAD3401D109C4000D4EBF1 /* LaunchScreen.storyboard in Resources */,
				A5FAD33D1D109C4000D4EBF1 /* Assets.xcassets in Resources */,
			);
			runOnlyForDeploymentPostprocessing = 0;
		};
		A5FAD3441D109C4000D4EBF1 /* Resources */ = {
			isa = PBXResourcesBuildPhase;
			buildActionMask = 2147483647;
			files = (
			);
			runOnlyForDeploymentPostprocessing = 0;
		};
		A5FAD34F1D109C4000D4EBF1 /* Resources */ = {
			isa = PBXResourcesBuildPhase;
			buildActionMask = 2147483647;
			files = (
			);
			runOnlyForDeploymentPostprocessing = 0;
		};
/* End PBXResourcesBuildPhase section */

/* Begin PBXSourcesBuildPhase section */
		A5FAD32E1D109C3F00D4EBF1 /* Sources */ = {
			isa = PBXSourcesBuildPhase;
			buildActionMask = 2147483647;
			files = (
				A5FAD3381D109C4000D4EBF1 /* ViewController.swift in Sources */,
				A5FAD3361D109C4000D4EBF1 /* AppDelegate.swift in Sources */,
				A5FAD3641D10B39C00D4EBF1 /* SettingsViewController.swift in Sources */,
			);
			runOnlyForDeploymentPostprocessing = 0;
		};
		A5FAD3421D109C4000D4EBF1 /* Sources */ = {
			isa = PBXSourcesBuildPhase;
			buildActionMask = 2147483647;
			files = (
				A5FAD34B1D109C4000D4EBF1 /* tippyTests.swift in Sources */,
			);
			runOnlyForDeploymentPostprocessing = 0;
		};
		A5FAD34D1D109C4000D4EBF1 /* Sources */ = {
			isa = PBXSourcesBuildPhase;
			buildActionMask = 2147483647;
			files = (
				A5FAD3561D109C4000D4EBF1 /* tippyUITests.swift in Sources */,
			);
			runOnlyForDeploymentPostprocessing = 0;
		};
/* End PBXSourcesBuildPhase section */

/* Begin PBXTargetDependency section */
		A5FAD3481D109C4000D4EBF1 /* PBXTargetDependency */ = {
			isa = PBXTargetDependency;
			target = A5FAD3311D109C3F00D4EBF1 /* tippy */;
			targetProxy = A5FAD3471D109C4000D4EBF1 /* PBXContainerItemProxy */;
		};
		A5FAD3531D109C4000D4EBF1 /* PBXTargetDependency */ = {
			isa = PBXTargetDependency;
			target = A5FAD3311D109C3F00D4EBF1 /* tippy */;
			targetProxy = A5FAD3521D109C4000D4EBF1 /* PBXContainerItemProxy */;
		};
/* End PBXTargetDependency section */

/* Begin PBXVariantGroup section */
		A5FAD33E1D109C4000D4EBF1 /* LaunchScreen.storyboard */ = {
			isa = PBXVariantGroup;
			children = (
				A5FAD33F1D109C4000D4EBF1 /* Base */,
			);
			name = LaunchScreen.storyboard;
			sourceTree = "<group>";
		};
		A5FAD3651D10BC3400D4EBF1 /* Main.storyboard */ = {
			isa = PBXVariantGroup;
			children = (
				A5FAD3661D10BC3400D4EBF1 /* Base */,
			);
			name = Main.storyboard;
			sourceTree = "<group>";
		};
/* End PBXVariantGroup section */

/* Begin XCBuildConfiguration section */
		A5FAD3581D109C4000D4EBF1 /* Debug */ = {
			isa = XCBuildConfiguration;
			buildSettings = {
				ALWAYS_SEARCH_USER_PATHS = NO;
				CLANG_ANALYZER_NONNULL = YES;
				CLANG_CXX_LANGUAGE_STANDARD = "gnu++0x";
				CLANG_CXX_LIBRARY = "libc++";
				CLANG_ENABLE_MODULES = YES;
				CLANG_ENABLE_OBJC_ARC = YES;
				CLANG_WARN_BOOL_CONVERSION = YES;
				CLANG_WARN_CONSTANT_CONVERSION = YES;
				CLANG_WARN_DIRECT_OBJC_ISA_USAGE = YES_ERROR;
				CLANG_WARN_EMPTY_BODY = YES;
				CLANG_WARN_ENUM_CONVERSION = YES;
				CLANG_WARN_INT_CONVERSION = YES;
				CLANG_WARN_OBJC_ROOT_CLASS = YES_ERROR;
				CLANG_WARN_UNREACHABLE_CODE = YES;
				CLANG_WARN__DUPLICATE_METHOD_MATCH = YES;
				"CODE_SIGN_IDENTITY[sdk=iphoneos*]" = "iPhone Developer";
				COPY_PHASE_STRIP = NO;
				DEBUG_INFORMATION_FORMAT = dwarf;
				ENABLE_STRICT_OBJC_MSGSEND = YES;
				ENABLE_TESTABILITY = YES;
				GCC_C_LANGUAGE_STANDARD = gnu99;
				GCC_DYNAMIC_NO_PIC = NO;
				GCC_NO_COMMON_BLOCKS = YES;
				GCC_OPTIMIZATION_LEVEL = 0;
				GCC_PREPROCESSOR_DEFINITIONS = (
					"DEBUG=1",
					"$(inherited)",
				);
				GCC_WARN_64_TO_32_BIT_CONVERSION = YES;
				GCC_WARN_ABOUT_RETURN_TYPE = YES_ERROR;
				GCC_WARN_UNDECLARED_SELECTOR = YES;
				GCC_WARN_UNINITIALIZED_AUTOS = YES_AGGRESSIVE;
				GCC_WARN_UNUSED_FUNCTION = YES;
				GCC_WARN_UNUSED_VARIABLE = YES;
				IPHONEOS_DEPLOYMENT_TARGET = 9.3;
				MTL_ENABLE_DEBUG_INFO = YES;
				ONLY_ACTIVE_ARCH = YES;
				SDKROOT = iphoneos;
				SWIFT_OPTIMIZATION_LEVEL = "-Onone";
			};
			name = Debug;
		};
		A5FAD3591D109C4000D4EBF1 /* Release */ = {
			isa = XCBuildConfiguration;
			buildSettings = {
				ALWAYS_SEARCH_USER_PATHS = NO;
				CLANG_ANALYZER_NONNULL = YES;
				CLANG_CXX_LANGUAGE_STANDARD = "gnu++0x";
				CLANG_CXX_LIBRARY = "libc++";
				CLANG_ENABLE_MODULES = YES;
				CLANG_ENABLE_OBJC_ARC = YES;
				CLANG_WARN_BOOL_CONVERSION = YES;
				CLANG_WARN_CONSTANT_CONVERSION = YES;
				CLANG_WARN_DIRECT_OBJC_ISA_USAGE = YES_ERROR;
				CLANG_WARN_EMPTY_BODY = YES;
				CLANG_WARN_ENUM_CONVERSION = YES;
				CLANG_WARN_INT_CONVERSION = YES;
				CLANG_WARN_OBJC_ROOT_CLASS = YES_ERROR;
				CLANG_WARN_UNREACHABLE_CODE = YES;
				CLANG_WARN__DUPLICATE_METHOD_MATCH = YES;
				"CODE_SIGN_IDENTITY[sdk=iphoneos*]" = "iPhone Developer";
				COPY_PHASE_STRIP = NO;
				DEBUG_INFORMATION_FORMAT = "dwarf-with-dsym";
				ENABLE_NS_ASSERTIONS = NO;
				ENABLE_STRICT_OBJC_MSGSEND = YES;
				GCC_C_LANGUAGE_STANDARD = gnu99;
				GCC_NO_COMMON_BLOCKS = YES;
				GCC_WARN_64_TO_32_BIT_CONVERSION = YES;
				GCC_WARN_ABOUT_RETURN_TYPE = YES_ERROR;
				GCC_WARN_UNDECLARED_SELECTOR = YES;
				GCC_WARN_UNINITIALIZED_AUTOS = YES_AGGRESSIVE;
				GCC_WARN_UNUSED_FUNCTION = YES;
				GCC_WARN_UNUSED_VARIABLE = YES;
				IPHONEOS_DEPLOYMENT_TARGET = 9.3;
				MTL_ENABLE_DEBUG_INFO = NO;
				SDKROOT = iphoneos;
				VALIDATE_PRODUCT = YES;
			};
			name = Release;
		};
		A5FAD35B1D109C4000D4EBF1 /* Debug */ = {
			isa = XCBuildConfiguration;
			buildSettings = {
				ASSETCATALOG_COMPILER_APPICON_NAME = AppIcon;
				INFOPLIST_FILE = tippy/Info.plist;
				LD_RUNPATH_SEARCH_PATHS = "$(inherited) @executable_path/Frameworks";
				PRODUCT_BUNDLE_IDENTIFIER = "Abha-Vedula.tippy";
				PRODUCT_NAME = "$(TARGET_NAME)";
			};
			name = Debug;
		};
		A5FAD35C1D109C4000D4EBF1 /* Release */ = {
			isa = XCBuildConfiguration;
			buildSettings = {
				ASSETCATALOG_COMPILER_APPICON_NAME = AppIcon;
				INFOPLIST_FILE = tippy/Info.plist;
				LD_RUNPATH_SEARCH_PATHS = "$(inherited) @executable_path/Frameworks";
				PRODUCT_BUNDLE_IDENTIFIER = "Abha-Vedula.tippy";
				PRODUCT_NAME = "$(TARGET_NAME)";
			};
			name = Release;
		};
		A5FAD35E1D109C4000D4EBF1 /* Debug */ = {
			isa = XCBuildConfiguration;
			buildSettings = {
				BUNDLE_LOADER = "$(TEST_HOST)";
				INFOPLIST_FILE = tippyTests/Info.plist;
				LD_RUNPATH_SEARCH_PATHS = "$(inherited) @executable_path/Frameworks @loader_path/Frameworks";
				PRODUCT_BUNDLE_IDENTIFIER = "Abha-Vedula.tippyTests";
				PRODUCT_NAME = "$(TARGET_NAME)";
				TEST_HOST = "$(BUILT_PRODUCTS_DIR)/tippy.app/tippy";
			};
			name = Debug;
		};
		A5FAD35F1D109C4000D4EBF1 /* Release */ = {
			isa = XCBuildConfiguration;
			buildSettings = {
				BUNDLE_LOADER = "$(TEST_HOST)";
				INFOPLIST_FILE = tippyTests/Info.plist;
				LD_RUNPATH_SEARCH_PATHS = "$(inherited) @executable_path/Frameworks @loader_path/Frameworks";
				PRODUCT_BUNDLE_IDENTIFIER = "Abha-Vedula.tippyTests";
				PRODUCT_NAME = "$(TARGET_NAME)";
				TEST_HOST = "$(BUILT_PRODUCTS_DIR)/tippy.app/tippy";
			};
			name = Release;
		};
		A5FAD3611D109C4000D4EBF1 /* Debug */ = {
			isa = XCBuildConfiguration;
			buildSettings = {
				INFOPLIST_FILE = tippyUITests/Info.plist;
				LD_RUNPATH_SEARCH_PATHS = "$(inherited) @executable_path/Frameworks @loader_path/Frameworks";
				PRODUCT_BUNDLE_IDENTIFIER = "Abha-Vedula.tippyUITests";
				PRODUCT_NAME = "$(TARGET_NAME)";
				TEST_TARGET_NAME = tippy;
			};
			name = Debug;
		};
		A5FAD3621D109C4000D4EBF1 /* Release */ = {
			isa = XCBuildConfiguration;
			buildSettings = {
				INFOPLIST_FILE = tippyUITests/Info.plist;
				LD_RUNPATH_SEARCH_PATHS = "$(inherited) @executable_path/Frameworks @loader_path/Frameworks";
				PRODUCT_BUNDLE_IDENTIFIER = "Abha-Vedula.tippyUITests";
				PRODUCT_NAME = "$(TARGET_NAME)";
				TEST_TARGET_NAME = tippy;
			};
			name = Release;
		};
/* End XCBuildConfiguration section */

/* Begin XCConfigurationList section */
		A5FAD32D1D109C3F00D4EBF1 /* Build configuration list for PBXProject "tippy" */ = {
			isa = XCConfigurationList;
			buildConfigurations = (
				A5FAD3581D109C4000D4EBF1 /* Debug */,
				A5FAD3591D109C4000D4EBF1 /* Release */,
			);
			defaultConfigurationIsVisible = 0;
			defaultConfigurationName = Release;
		};
		A5FAD35A1D109C4000D4EBF1 /* Build configuration list for PBXNativeTarget "tippy" */ = {
			isa = XCConfigurationList;
			buildConfigurations = (
				A5FAD35B1D109C4000D4EBF1 /* Debug */,
				A5FAD35C1D109C4000D4EBF1 /* Release */,
			);
			defaultConfigurationIsVisible = 0;
			defaultConfigurationName = Release;
		};
		A5FAD35D1D109C4000D4EBF1 /* Build configuration list for PBXNativeTarget "tippyTests" */ = {
			isa = XCConfigurationList;
			buildConfigurations = (
				A5FAD35E1D109C4000D4EBF1 /* Debug */,
				A5FAD35F1D109C4000D4EBF1 /* Release */,
			);
			defaultConfigurationIsVisible = 0;
			defaultConfigurationName = Release;
		};
		A5FAD3601D109C4000D4EBF1 /* Build configuration list for PBXNativeTarget "tippyUITests" */ = {
			isa = XCConfigurationList;
			buildConfigurations = (
				A5FAD3611D109C4000D4EBF1 /* Debug */,
				A5FAD3621D109C4000D4EBF1 /* Release */,
			);
			defaultConfigurationIsVisible = 0;
			defaultConfigurationName = Release;
		};
/* End XCConfigurationList section */
	};
	rootObject = A5FAD32A1D109C3F00D4EBF1 /* Project object */;
}
